// !$*UTF8*$!
{
	archiveVersion = 1;
	classes = {
	};
	objectVersion = 46;
	objects = {

/* Begin PBXBuildFile section */
		8916CFEE1EFA5217003D4457 /* SentMemesTableViewController.swift in Sources */ = {isa = PBXBuildFile; fileRef = 8916CFEA1EFA5217003D4457 /* SentMemesTableViewController.swift */; };
		8916CFEF1EFA5217003D4457 /* SentMemesCollectionViewController.swift in Sources */ = {isa = PBXBuildFile; fileRef = 8916CFEB1EFA5217003D4457 /* SentMemesCollectionViewController.swift */; };
		8916CFF01EFA5217003D4457 /* SentMemesTableViewCell.swift in Sources */ = {isa = PBXBuildFile; fileRef = 8916CFEC1EFA5217003D4457 /* SentMemesTableViewCell.swift */; };
		8916CFF11EFA5217003D4457 /* SentMemesCollectionViewCell.swift in Sources */ = {isa = PBXBuildFile; fileRef = 8916CFED1EFA5217003D4457 /* SentMemesCollectionViewCell.swift */; };
		8916CFF31EFA7880003D4457 /* MemeDetailViewController.swift in Sources */ = {isa = PBXBuildFile; fileRef = 8916CFF21EFA7880003D4457 /* MemeDetailViewController.swift */; };
		89304E3C1EFBCED000A973E6 /* MemeTemplatesCollectionViewController.swift in Sources */ = {isa = PBXBuildFile; fileRef = 89304E3B1EFBCED000A973E6 /* MemeTemplatesCollectionViewController.swift */; };
		89304E3E1EFBD56B00A973E6 /* ImgFlip in Resources */ = {isa = PBXBuildFile; fileRef = 89304E3D1EFBD56B00A973E6 /* ImgFlip */; };
		89304E401EFBE55500A973E6 /* MemeTemplatesCollectionViewCell.swift in Sources */ = {isa = PBXBuildFile; fileRef = 89304E3F1EFBE55500A973E6 /* MemeTemplatesCollectionViewCell.swift */; };
		89304E461EFFBD0C00A973E6 /* Impact.ttf in Resources */ = {isa = PBXBuildFile; fileRef = 89304E451EFFBD0C00A973E6 /* Impact.ttf */; };
		89304E4C1EFFCF0000A973E6 /* Constants.swift in Sources */ = {isa = PBXBuildFile; fileRef = 89304E4B1EFFCF0000A973E6 /* Constants.swift */; };
		89304E4E1EFFE91800A973E6 /* SelectColorTableViewController.swift in Sources */ = {isa = PBXBuildFile; fileRef = 89304E4D1EFFE91800A973E6 /* SelectColorTableViewController.swift */; };
		89304E501EFFEC1100A973E6 /* Extensions.swift in Sources */ = {isa = PBXBuildFile; fileRef = 89304E4F1EFFEC1100A973E6 /* Extensions.swift */; };
		89304E541F00B93100A973E6 /* SelectFontTableViewController.swift in Sources */ = {isa = PBXBuildFile; fileRef = 89304E531F00B93100A973E6 /* SelectFontTableViewController.swift */; };
		89304E561F00BD2D00A973E6 /* MemeSettingsTableViewController.swift in Sources */ = {isa = PBXBuildFile; fileRef = 89304E551F00BD2D00A973E6 /* MemeSettingsTableViewController.swift */; };
		89304E581F03CEA400A973E6 /* SelectFontAndColorTableViewCells.swift in Sources */ = {isa = PBXBuildFile; fileRef = 89304E571F03CEA400A973E6 /* SelectFontAndColorTableViewCells.swift */; };
		898D17F31F07B4180090CA7F /* EmptyDataSetView.swift in Sources */ = {isa = PBXBuildFile; fileRef = 898D17F21F07B4180090CA7F /* EmptyDataSetView.swift */; };
		898D17F51F07B4810090CA7F /* EmptyDataSetView.xib in Resources */ = {isa = PBXBuildFile; fileRef = 898D17F41F07B4810090CA7F /* EmptyDataSetView.xib */; };
		89DA32FF1EEFBE5600741F8F /* AppDelegate.swift in Sources */ = {isa = PBXBuildFile; fileRef = 89DA32FE1EEFBE5600741F8F /* AppDelegate.swift */; };
		89DA33011EEFBE5600741F8F /* MemeEditorViewController.swift in Sources */ = {isa = PBXBuildFile; fileRef = 89DA33001EEFBE5600741F8F /* MemeEditorViewController.swift */; };
		89DA33041EEFBE5600741F8F /* Main.storyboard in Resources */ = {isa = PBXBuildFile; fileRef = 89DA33021EEFBE5600741F8F /* Main.storyboard */; };
		89DA33061EEFBE5600741F8F /* Assets.xcassets in Resources */ = {isa = PBXBuildFile; fileRef = 89DA33051EEFBE5600741F8F /* Assets.xcassets */; };
		89DA33091EEFBE5600741F8F /* LaunchScreen.storyboard in Resources */ = {isa = PBXBuildFile; fileRef = 89DA33071EEFBE5600741F8F /* LaunchScreen.storyboard */; };
		89DA33111EF13BD300741F8F /* Meme.swift in Sources */ = {isa = PBXBuildFile; fileRef = 89DA33101EF13BD300741F8F /* Meme.swift */; };
		89E8664D1F06918C00B74046 /* SettingsColorSelectionTableViewCell.swift in Sources */ = {isa = PBXBuildFile; fileRef = 89E8664C1F06918C00B74046 /* SettingsColorSelectionTableViewCell.swift */; };
/* End PBXBuildFile section */

/* Begin PBXFileReference section */
		8916CFEA1EFA5217003D4457 /* SentMemesTableViewController.swift */ = {isa = PBXFileReference; fileEncoding = 4; lastKnownFileType = sourcecode.swift; path = SentMemesTableViewController.swift; sourceTree = "<group>"; };
		8916CFEB1EFA5217003D4457 /* SentMemesCollectionViewController.swift */ = {isa = PBXFileReference; fileEncoding = 4; lastKnownFileType = sourcecode.swift; path = SentMemesCollectionViewController.swift; sourceTree = "<group>"; };
		8916CFEC1EFA5217003D4457 /* SentMemesTableViewCell.swift */ = {isa = PBXFileReference; fileEncoding = 4; lastKnownFileType = sourcecode.swift; path = SentMemesTableViewCell.swift; sourceTree = "<group>"; };
		8916CFED1EFA5217003D4457 /* SentMemesCollectionViewCell.swift */ = {isa = PBXFileReference; fileEncoding = 4; lastKnownFileType = sourcecode.swift; path = SentMemesCollectionViewCell.swift; sourceTree = "<group>"; };
		8916CFF21EFA7880003D4457 /* MemeDetailViewController.swift */ = {isa = PBXFileReference; fileEncoding = 4; lastKnownFileType = sourcecode.swift; path = MemeDetailViewController.swift; sourceTree = "<group>"; };
		89304E3B1EFBCED000A973E6 /* MemeTemplatesCollectionViewController.swift */ = {isa = PBXFileReference; fileEncoding = 4; lastKnownFileType = sourcecode.swift; path = MemeTemplatesCollectionViewController.swift; sourceTree = "<group>"; };
		89304E3D1EFBD56B00A973E6 /* ImgFlip */ = {isa = PBXFileReference; lastKnownFileType = folder; name = ImgFlip; path = MemeMe/ImgFlip; sourceTree = "<group>"; };
		89304E3F1EFBE55500A973E6 /* MemeTemplatesCollectionViewCell.swift */ = {isa = PBXFileReference; fileEncoding = 4; lastKnownFileType = sourcecode.swift; path = MemeTemplatesCollectionViewCell.swift; sourceTree = "<group>"; };
		89304E451EFFBD0C00A973E6 /* Impact.ttf */ = {isa = PBXFileReference; lastKnownFileType = file; name = Impact.ttf; path = MemeMe/Fonts/Impact.ttf; sourceTree = "<group>"; };
		89304E4B1EFFCF0000A973E6 /* Constants.swift */ = {isa = PBXFileReference; fileEncoding = 4; lastKnownFileType = sourcecode.swift; path = Constants.swift; sourceTree = "<group>"; };
		89304E4D1EFFE91800A973E6 /* SelectColorTableViewController.swift */ = {isa = PBXFileReference; fileEncoding = 4; lastKnownFileType = sourcecode.swift; path = SelectColorTableViewController.swift; sourceTree = "<group>"; };
		89304E4F1EFFEC1100A973E6 /* Extensions.swift */ = {isa = PBXFileReference; fileEncoding = 4; lastKnownFileType = sourcecode.swift; path = Extensions.swift; sourceTree = "<group>"; };
		89304E531F00B93100A973E6 /* SelectFontTableViewController.swift */ = {isa = PBXFileReference; fileEncoding = 4; lastKnownFileType = sourcecode.swift; path = SelectFontTableViewController.swift; sourceTree = "<group>"; };
		89304E551F00BD2D00A973E6 /* MemeSettingsTableViewController.swift */ = {isa = PBXFileReference; fileEncoding = 4; lastKnownFileType = sourcecode.swift; path = MemeSettingsTableViewController.swift; sourceTree = "<group>"; };
		89304E571F03CEA400A973E6 /* SelectFontAndColorTableViewCells.swift */ = {isa = PBXFileReference; fileEncoding = 4; lastKnownFileType = sourcecode.swift; path = SelectFontAndColorTableViewCells.swift; sourceTree = "<group>"; };
		898D17F21F07B4180090CA7F /* EmptyDataSetView.swift */ = {isa = PBXFileReference; fileEncoding = 4; lastKnownFileType = sourcecode.swift; path = EmptyDataSetView.swift; sourceTree = "<group>"; };
		898D17F41F07B4810090CA7F /* EmptyDataSetView.xib */ = {isa = PBXFileReference; fileEncoding = 4; lastKnownFileType = file.xib; path = EmptyDataSetView.xib; sourceTree = "<group>"; };
		89DA32FB1EEFBE5600741F8F /* MemeMe.app */ = {isa = PBXFileReference; explicitFileType = wrapper.application; includeInIndex = 0; path = MemeMe.app; sourceTree = BUILT_PRODUCTS_DIR; };
		89DA32FE1EEFBE5600741F8F /* AppDelegate.swift */ = {isa = PBXFileReference; lastKnownFileType = sourcecode.swift; path = AppDelegate.swift; sourceTree = "<group>"; };
		89DA33001EEFBE5600741F8F /* MemeEditorViewController.swift */ = {isa = PBXFileReference; lastKnownFileType = sourcecode.swift; path = MemeEditorViewController.swift; sourceTree = "<group>"; };
		89DA33031EEFBE5600741F8F /* Base */ = {isa = PBXFileReference; lastKnownFileType = file.storyboard; name = Base; path = Base.lproj/Main.storyboard; sourceTree = "<group>"; };
		89DA33051EEFBE5600741F8F /* Assets.xcassets */ = {isa = PBXFileReference; lastKnownFileType = folder.assetcatalog; name = Assets.xcassets; path = MemeMe/Assets.xcassets; sourceTree = "<group>"; };
		89DA33081EEFBE5600741F8F /* Base */ = {isa = PBXFileReference; lastKnownFileType = file.storyboard; name = Base; path = Base.lproj/LaunchScreen.storyboard; sourceTree = "<group>"; };
		89DA330A1EEFBE5600741F8F /* Info.plist */ = {isa = PBXFileReference; lastKnownFileType = text.plist.xml; path = Info.plist; sourceTree = "<group>"; };
		89DA33101EF13BD300741F8F /* Meme.swift */ = {isa = PBXFileReference; fileEncoding = 4; lastKnownFileType = sourcecode.swift; path = Meme.swift; sourceTree = "<group>"; };
		89E8664C1F06918C00B74046 /* SettingsColorSelectionTableViewCell.swift */ = {isa = PBXFileReference; fileEncoding = 4; lastKnownFileType = sourcecode.swift; path = SettingsColorSelectionTableViewCell.swift; sourceTree = "<group>"; };
/* End PBXFileReference section */

/* Begin PBXFrameworksBuildPhase section */
		89DA32F81EEFBE5600741F8F /* Frameworks */ = {
			isa = PBXFrameworksBuildPhase;
			buildActionMask = 2147483647;
			files = (
			);
			runOnlyForDeploymentPostprocessing = 0;
		};
/* End PBXFrameworksBuildPhase section */

/* Begin PBXGroup section */
		89304E471EFFBD3000A973E6 /* Resources */ = {
			isa = PBXGroup;
			children = (
				89DA33051EEFBE5600741F8F /* Assets.xcassets */,
				89304E3D1EFBD56B00A973E6 /* ImgFlip */,
				89304E451EFFBD0C00A973E6 /* Impact.ttf */,
			);
			name = Resources;
			path = ..;
			sourceTree = "<group>";
		};
		89304E481EFFBD6700A973E6 /* Controller */ = {
			isa = PBXGroup;
			children = (
				89DA32FE1EEFBE5600741F8F /* AppDelegate.swift */,
				89DA33001EEFBE5600741F8F /* MemeEditorViewController.swift */,
				8916CFEA1EFA5217003D4457 /* SentMemesTableViewController.swift */,
				8916CFEB1EFA5217003D4457 /* SentMemesCollectionViewController.swift */,
				8916CFF21EFA7880003D4457 /* MemeDetailViewController.swift */,
				89304E3B1EFBCED000A973E6 /* MemeTemplatesCollectionViewController.swift */,
				89304E4D1EFFE91800A973E6 /* SelectColorTableViewController.swift */,
				89304E531F00B93100A973E6 /* SelectFontTableViewController.swift */,
				89304E551F00BD2D00A973E6 /* MemeSettingsTableViewController.swift */,
			);
			name = Controller;
			sourceTree = "<group>";
		};
		89304E491EFFBD6E00A973E6 /* Model */ = {
			isa = PBXGroup;
			children = (
				89DA33101EF13BD300741F8F /* Meme.swift */,
				89304E4B1EFFCF0000A973E6 /* Constants.swift */,
				89304E4F1EFFEC1100A973E6 /* Extensions.swift */,
			);
			name = Model;
			sourceTree = "<group>";
		};
		89304E4A1EFFBD7900A973E6 /* View */ = {
			isa = PBXGroup;
			children = (
				8916CFEC1EFA5217003D4457 /* SentMemesTableViewCell.swift */,
				8916CFED1EFA5217003D4457 /* SentMemesCollectionViewCell.swift */,
				89304E3F1EFBE55500A973E6 /* MemeTemplatesCollectionViewCell.swift */,
				89304E571F03CEA400A973E6 /* SelectFontAndColorTableViewCells.swift */,
				89E8664C1F06918C00B74046 /* SettingsColorSelectionTableViewCell.swift */,
				898D17F21F07B4180090CA7F /* EmptyDataSetView.swift */,
			);
			name = View;
			sourceTree = "<group>";
		};
		89DA32F21EEFBE5600741F8F = {
			isa = PBXGroup;
			children = (
				89DA32FD1EEFBE5600741F8F /* MemeMe */,
				89DA32FC1EEFBE5600741F8F /* Products */,
			);
			sourceTree = "<group>";
		};
		89DA32FC1EEFBE5600741F8F /* Products */ = {
			isa = PBXGroup;
			children = (
				89DA32FB1EEFBE5600741F8F /* MemeMe.app */,
			);
			name = Products;
			sourceTree = "<group>";
		};
		89DA32FD1EEFBE5600741F8F /* MemeMe */ = {
			isa = PBXGroup;
			children = (
				89304E471EFFBD3000A973E6 /* Resources */,
				89DA33021EEFBE5600741F8F /* Main.storyboard */,
				89DA330A1EEFBE5600741F8F /* Info.plist */,
				898D17F41F07B4810090CA7F /* EmptyDataSetView.xib */,
				89DA33071EEFBE5600741F8F /* LaunchScreen.storyboard */,
				89304E491EFFBD6E00A973E6 /* Model */,
				89304E4A1EFFBD7900A973E6 /* View */,
				89304E481EFFBD6700A973E6 /* Controller */,
			);
			path = MemeMe;
			sourceTree = "<group>";
		};
/* End PBXGroup section */

/* Begin PBXNativeTarget section */
		89DA32FA1EEFBE5600741F8F /* MemeMe */ = {
			isa = PBXNativeTarget;
			buildConfigurationList = 89DA330D1EEFBE5600741F8F /* Build configuration list for PBXNativeTarget "MemeMe" */;
			buildPhases = (
				89DA32F71EEFBE5600741F8F /* Sources */,
				89DA32F81EEFBE5600741F8F /* Frameworks */,
				89DA32F91EEFBE5600741F8F /* Resources */,
			);
			buildRules = (
			);
			dependencies = (
			);
			name = MemeMe;
			productName = MemeMe;
			productReference = 89DA32FB1EEFBE5600741F8F /* MemeMe.app */;
			productType = "com.apple.product-type.application";
		};
/* End PBXNativeTarget section */

/* Begin PBXProject section */
		89DA32F31EEFBE5600741F8F /* Project object */ = {
			isa = PBXProject;
			attributes = {
				LastSwiftUpdateCheck = 0830;
				LastUpgradeCheck = 0830;
				ORGANIZATIONNAME = "Ahsas Sharma";
				TargetAttributes = {
					89DA32FA1EEFBE5600741F8F = {
						CreatedOnToolsVersion = 8.3.2;
						DevelopmentTeam = 8AHJ7Q6R55;
						ProvisioningStyle = Automatic;
					};
				};
			};
			buildConfigurationList = 89DA32F61EEFBE5600741F8F /* Build configuration list for PBXProject "MemeMe" */;
			compatibilityVersion = "Xcode 3.2";
			developmentRegion = English;
			hasScannedForEncodings = 0;
			knownRegions = (
				en,
				Base,
			);
			mainGroup = 89DA32F21EEFBE5600741F8F;
			productRefGroup = 89DA32FC1EEFBE5600741F8F /* Products */;
			projectDirPath = "";
			projectRoot = "";
			targets = (
				89DA32FA1EEFBE5600741F8F /* MemeMe */,
			);
		};
/* End PBXProject section */

/* Begin PBXResourcesBuildPhase section */
		89DA32F91EEFBE5600741F8F /* Resources */ = {
			isa = PBXResourcesBuildPhase;
			buildActionMask = 2147483647;
			files = (
				89304E461EFFBD0C00A973E6 /* Impact.ttf in Resources */,
				898D17F51F07B4810090CA7F /* EmptyDataSetView.xib in Resources */,
				89304E3E1EFBD56B00A973E6 /* ImgFlip in Resources */,
				89DA33091EEFBE5600741F8F /* LaunchScreen.storyboard in Resources */,
				89DA33061EEFBE5600741F8F /* Assets.xcassets in Resources */,
				89DA33041EEFBE5600741F8F /* Main.storyboard in Resources */,
			);
			runOnlyForDeploymentPostprocessing = 0;
		};
/* End PBXResourcesBuildPhase section */

/* Begin PBXSourcesBuildPhase section */
		89DA32F71EEFBE5600741F8F /* Sources */ = {
			isa = PBXSourcesBuildPhase;
			buildActionMask = 2147483647;
			files = (
				89304E581F03CEA400A973E6 /* SelectFontAndColorTableViewCells.swift in Sources */,
				89E8664D1F06918C00B74046 /* SettingsColorSelectionTableViewCell.swift in Sources */,
				89DA33111EF13BD300741F8F /* Meme.swift in Sources */,
				89304E4C1EFFCF0000A973E6 /* Constants.swift in Sources */,
				8916CFF11EFA5217003D4457 /* SentMemesCollectionViewCell.swift in Sources */,
				898D17F31F07B4180090CA7F /* EmptyDataSetView.swift in Sources */,
				8916CFF01EFA5217003D4457 /* SentMemesTableViewCell.swift in Sources */,
				89304E541F00B93100A973E6 /* SelectFontTableViewController.swift in Sources */,
				89304E3C1EFBCED000A973E6 /* MemeTemplatesCollectionViewController.swift in Sources */,
				89304E561F00BD2D00A973E6 /* MemeSettingsTableViewController.swift in Sources */,
				89304E4E1EFFE91800A973E6 /* SelectColorTableViewController.swift in Sources */,
				8916CFEE1EFA5217003D4457 /* SentMemesTableViewController.swift in Sources */,
				8916CFEF1EFA5217003D4457 /* SentMemesCollectionViewController.swift in Sources */,
				89304E501EFFEC1100A973E6 /* Extensions.swift in Sources */,
				89304E401EFBE55500A973E6 /* MemeTemplatesCollectionViewCell.swift in Sources */,
				89DA33011EEFBE5600741F8F /* MemeEditorViewController.swift in Sources */,
				89DA32FF1EEFBE5600741F8F /* AppDelegate.swift in Sources */,
				8916CFF31EFA7880003D4457 /* MemeDetailViewController.swift in Sources */,
			);
			runOnlyForDeploymentPostprocessing = 0;
		};
/* End PBXSourcesBuildPhase section */

/* Begin PBXVariantGroup section */
		89DA33021EEFBE5600741F8F /* Main.storyboard */ = {
			isa = PBXVariantGroup;
			children = (
				89DA33031EEFBE5600741F8F /* Base */,
			);
			name = Main.storyboard;
			sourceTree = "<group>";
		};
		89DA33071EEFBE5600741F8F /* LaunchScreen.storyboard */ = {
			isa = PBXVariantGroup;
			children = (
				89DA33081EEFBE5600741F8F /* Base */,
			);
			name = LaunchScreen.storyboard;
			sourceTree = "<group>";
		};
/* End PBXVariantGroup section */

/* Begin XCBuildConfiguration section */
		89DA330B1EEFBE5600741F8F /* Debug */ = {
			isa = XCBuildConfiguration;
			buildSettings = {
				ALWAYS_SEARCH_USER_PATHS = NO;
				CLANG_ANALYZER_NONNULL = YES;
				CLANG_ANALYZER_NUMBER_OBJECT_CONVERSION = YES_AGGRESSIVE;
				CLANG_CXX_LANGUAGE_STANDARD = "gnu++0x";
				CLANG_CXX_LIBRARY = "libc++";
				CLANG_ENABLE_MODULES = YES;
				CLANG_ENABLE_OBJC_ARC = YES;
				CLANG_WARN_BOOL_CONVERSION = YES;
				CLANG_WARN_CONSTANT_CONVERSION = YES;
				CLANG_WARN_DIRECT_OBJC_ISA_USAGE = YES_ERROR;
				CLANG_WARN_DOCUMENTATION_COMMENTS = YES;
				CLANG_WARN_EMPTY_BODY = YES;
				CLANG_WARN_ENUM_CONVERSION = YES;
				CLANG_WARN_INFINITE_RECURSION = YES;
				CLANG_WARN_INT_CONVERSION = YES;
				CLANG_WARN_OBJC_ROOT_CLASS = YES_ERROR;
				CLANG_WARN_SUSPICIOUS_MOVE = YES;
				CLANG_WARN_UNREACHABLE_CODE = YES;
				CLANG_WARN__DUPLICATE_METHOD_MATCH = YES;
				"CODE_SIGN_IDENTITY[sdk=iphoneos*]" = "iPhone Developer";
				COPY_PHASE_STRIP = NO;
				DEBUG_INFORMATION_FORMAT = dwarf;
				ENABLE_STRICT_OBJC_MSGSEND = YES;
				ENABLE_TESTABILITY = YES;
				GCC_C_LANGUAGE_STANDARD = gnu99;
				GCC_DYNAMIC_NO_PIC = NO;
				GCC_NO_COMMON_BLOCKS = YES;
				GCC_OPTIMIZATION_LEVEL = 0;
				GCC_PREPROCESSOR_DEFINITIONS = (
					"DEBUG=1",
					"$(inherited)",
				);
				GCC_WARN_64_TO_32_BIT_CONVERSION = YES;
				GCC_WARN_ABOUT_RETURN_TYPE = YES_ERROR;
				GCC_WARN_UNDECLARED_SELECTOR = YES;
				GCC_WARN_UNINITIALIZED_AUTOS = YES_AGGRESSIVE;
				GCC_WARN_UNUSED_FUNCTION = YES;
				GCC_WARN_UNUSED_VARIABLE = YES;
				IPHONEOS_DEPLOYMENT_TARGET = 10.3;
				MTL_ENABLE_DEBUG_INFO = YES;
				ONLY_ACTIVE_ARCH = YES;
				SDKROOT = iphoneos;
				SWIFT_ACTIVE_COMPILATION_CONDITIONS = DEBUG;
				SWIFT_OPTIMIZATION_LEVEL = "-Onone";
			};
			name = Debug;
		};
		89DA330C1EEFBE5600741F8F /* Release */ = {
			isa = XCBuildConfiguration;
			buildSettings = {
				ALWAYS_SEARCH_USER_PATHS = NO;
				CLANG_ANALYZER_NONNULL = YES;
				CLANG_ANALYZER_NUMBER_OBJECT_CONVERSION = YES_AGGRESSIVE;
				CLANG_CXX_LANGUAGE_STANDARD = "gnu++0x";
				CLANG_CXX_LIBRARY = "libc++";
				CLANG_ENABLE_MODULES = YES;
				CLANG_ENABLE_OBJC_ARC = YES;
				CLANG_WARN_BOOL_CONVERSION = YES;
				CLANG_WARN_CONSTANT_CONVERSION = YES;
				CLANG_WARN_DIRECT_OBJC_ISA_USAGE = YES_ERROR;
				CLANG_WARN_DOCUMENTATION_COMMENTS = YES;
				CLANG_WARN_EMPTY_BODY = YES;
				CLANG_WARN_ENUM_CONVERSION = YES;
				CLANG_WARN_INFINITE_RECURSION = YES;
				CLANG_WARN_INT_CONVERSION = YES;
				CLANG_WARN_OBJC_ROOT_CLASS = YES_ERROR;
				CLANG_WARN_SUSPICIOUS_MOVE = YES;
				CLANG_WARN_UNREACHABLE_CODE = YES;
				CLANG_WARN__DUPLICATE_METHOD_MATCH = YES;
				"CODE_SIGN_IDENTITY[sdk=iphoneos*]" = "iPhone Developer";
				COPY_PHASE_STRIP = NO;
				DEBUG_INFORMATION_FORMAT = "dwarf-with-dsym";
				ENABLE_NS_ASSERTIONS = NO;
				ENABLE_STRICT_OBJC_MSGSEND = YES;
				GCC_C_LANGUAGE_STANDARD = gnu99;
				GCC_NO_COMMON_BLOCKS = YES;
				GCC_WARN_64_TO_32_BIT_CONVERSION = YES;
				GCC_WARN_ABOUT_RETURN_TYPE = YES_ERROR;
				GCC_WARN_UNDECLARED_SELECTOR = YES;
				GCC_WARN_UNINITIALIZED_AUTOS = YES_AGGRESSIVE;
				GCC_WARN_UNUSED_FUNCTION = YES;
				GCC_WARN_UNUSED_VARIABLE = YES;
				IPHONEOS_DEPLOYMENT_TARGET = 10.3;
				MTL_ENABLE_DEBUG_INFO = NO;
				SDKROOT = iphoneos;
				SWIFT_OPTIMIZATION_LEVEL = "-Owholemodule";
				VALIDATE_PRODUCT = YES;
			};
			name = Release;
		};
		89DA330E1EEFBE5600741F8F /* Debug */ = {
			isa = XCBuildConfiguration;
			buildSettings = {
				ASSETCATALOG_COMPILER_APPICON_NAME = AppIcon;
				DEVELOPMENT_TEAM = 8AHJ7Q6R55;
				INFOPLIST_FILE = MemeMe/Info.plist;
				LD_RUNPATH_SEARCH_PATHS = "$(inherited) @executable_path/Frameworks";
				PRODUCT_BUNDLE_IDENTIFIER = com.ahsas.MemeMe;
				PRODUCT_NAME = "$(TARGET_NAME)";
				SWIFT_VERSION = 3.0;
				TARGETED_DEVICE_FAMILY = "1,2";
			};
			name = Debug;
		};
		89DA330F1EEFBE5600741F8F /* Release */ = {
			isa = XCBuildConfiguration;
			buildSettings = {
				ASSETCATALOG_COMPILER_APPICON_NAME = AppIcon;
				DEVELOPMENT_TEAM = 8AHJ7Q6R55;
				INFOPLIST_FILE = MemeMe/Info.plist;
				LD_RUNPATH_SEARCH_PATHS = "$(inherited) @executable_path/Frameworks";
				PRODUCT_BUNDLE_IDENTIFIER = com.ahsas.MemeMe;
				PRODUCT_NAME = "$(TARGET_NAME)";
				SWIFT_VERSION = 3.0;
				TARGETED_DEVICE_FAMILY = "1,2";
			};
			name = Release;
		};
/* End XCBuildConfiguration section */

/* Begin XCConfigurationList section */
		89DA32F61EEFBE5600741F8F /* Build configuration list for PBXProject "MemeMe" */ = {
			isa = XCConfigurationList;
			buildConfigurations = (
				89DA330B1EEFBE5600741F8F /* Debug */,
				89DA330C1EEFBE5600741F8F /* Release */,
			);
			defaultConfigurationIsVisible = 0;
			defaultConfigurationName = Release;
		};
		89DA330D1EEFBE5600741F8F /* Build configuration list for PBXNativeTarget "MemeMe" */ = {
			isa = XCConfigurationList;
			buildConfigurations = (
				89DA330E1EEFBE5600741F8F /* Debug */,
				89DA330F1EEFBE5600741F8F /* Release */,
			);
			defaultConfigurationIsVisible = 0;
			defaultConfigurationName = Release;
		};
/* End XCConfigurationList section */
	};
	rootObject = 89DA32F31EEFBE5600741F8F /* Project object */;
}
